
Microsoft Visual Studio Solution File, Format Version 12.00
# Visual Studio 15
Project("{FAE04EC0-301F-11D3-BF4B-00C04F79EFBC}") = "AddressAnalyzer.Api", "AddressAnalyzer.Api\AddressAnalyzer.Api.csproj", "{B8F37055-50B5-4A76-B3A8-3B48A2418448}"
EndProject
Project("{FAE04EC0-301F-11D3-BF4B-00C04F79EFBC}") = "AddressAnalyzer.Common", "AddressAnalyzer.Common\AddressAnalyzer.Common.csproj", "{F0CC9AAA-18A2-4A03-8CBC-09B8E76557DB}"
EndProject
Project("{FAE04EC0-301F-11D3-BF4B-00C04F79EFBC}") = "AddressAnalyzer.Common.Tests", "AddressAnalyzer.Common.Tests\AddressAnalyzer.Common.Tests.csproj", "{65659109-73EB-42A4-B764-AB40D3A080BC}"
EndProject
Project("{FAE04EC0-301F-11D3-BF4B-00C04F79EFBC}") = "AddressAnalyzer.GeoIp.Api", "AddressAnalyzer.GeoIp.Api\AddressAnalyzer.GeoIp.Api.csproj", "{0F740128-B039-4BCF-A1ED-EE281BE211DC}"
EndProject
Project("{FAE04EC0-301F-11D3-BF4B-00C04F79EFBC}") = "AddressAnalyzer.GeoIp.Api.Tests", "AddressAnalyzer.GeoIp.Api.Tests\AddressAnalyzer.GeoIp.Api.Tests.csproj", "{8E520E37-594B-4BCC-8F0F-70203EE59824}"
EndProject
Global
	GlobalSection(SolutionConfigurationPlatforms) = preSolution
		Debug|Any CPU = Debug|Any CPU
		Release|Any CPU = Release|Any CPU
	EndGlobalSection
	GlobalSection(ProjectConfigurationPlatforms) = postSolution
		{B8F37055-50B5-4A76-B3A8-3B48A2418448}.Debug|Any CPU.ActiveCfg = Debug|Any CPU
		{B8F37055-50B5-4A76-B3A8-3B48A2418448}.Debug|Any CPU.Build.0 = Debug|Any CPU
		{B8F37055-50B5-4A76-B3A8-3B48A2418448}.Release|Any CPU.ActiveCfg = Release|Any CPU
		{B8F37055-50B5-4A76-B3A8-3B48A2418448}.Release|Any CPU.Build.0 = Release|Any CPU
		{F0CC9AAA-18A2-4A03-8CBC-09B8E76557DB}.Debug|Any CPU.ActiveCfg = Debug|Any CPU
		{F0CC9AAA-18A2-4A03-8CBC-09B8E76557DB}.Debug|Any CPU.Build.0 = Debug|Any CPU
		{F0CC9AAA-18A2-4A03-8CBC-09B8E76557DB}.Release|Any CPU.ActiveCfg = Release|Any CPU
		{F0CC9AAA-18A2-4A03-8CBC-09B8E76557DB}.Release|Any CPU.Build.0 = Release|Any CPU
		{65659109-73EB-42A4-B764-AB40D3A080BC}.Debug|Any CPU.ActiveCfg = Debug|Any CPU
		{65659109-73EB-42A4-B764-AB40D3A080BC}.Debug|Any CPU.Build.0 = Debug|Any CPU
		{65659109-73EB-42A4-B764-AB40D3A080BC}.Release|Any CPU.ActiveCfg = Release|Any CPU
		{65659109-73EB-42A4-B764-AB40D3A080BC}.Release|Any CPU.Build.0 = Release|Any CPU
		{0F740128-B039-4BCF-A1ED-EE281BE211DC}.Debug|Any CPU.ActiveCfg = Debug|Any CPU
		{0F740128-B039-4BCF-A1ED-EE281BE211DC}.Debug|Any CPU.Build.0 = Debug|Any CPU
		{0F740128-B039-4BCF-A1ED-EE281BE211DC}.Release|Any CPU.ActiveCfg = Release|Any CPU
		{0F740128-B039-4BCF-A1ED-EE281BE211DC}.Release|Any CPU.Build.0 = Release|Any CPU
		{8E520E37-594B-4BCC-8F0F-70203EE59824}.Debug|Any CPU.ActiveCfg = Debug|Any CPU
		{8E520E37-594B-4BCC-8F0F-70203EE59824}.Debug|Any CPU.Build.0 = Debug|Any CPU
		{8E520E37-594B-4BCC-8F0F-70203EE59824}.Release|Any CPU.ActiveCfg = Release|Any CPU
		{8E520E37-594B-4BCC-8F0F-70203EE59824}.Release|Any CPU.Build.0 = Release|Any CPU
	EndGlobalSection
EndGlobal
